# This file is automatically @generated by Cargo.
# It is not intended for manual editing.
version = 3

[[package]]
name = "autocfg"
version = "1.1.0"
source = "registry+https://github.com/rust-lang/crates.io-index"
checksum = "d468802bab17cbc0cc575e9b053f41e72aa36bfa6b7f55e3529ffa43161b97fa"

[[package]]
name = "bit-struct"
version = "0.1.31"
source = "registry+https://github.com/rust-lang/crates.io-index"
checksum = "6cc176169f3dcb44abb5270becdc6d2a1043bbe557d4d6076a1b0f3cc098d6d2"
dependencies = [
 "num-traits",
 "serde",
]

[[package]]
name = "lyle"
version = "0.1.0"
dependencies = [
 "bit-struct",
 "oak",
 "oak_runtime",
]

[[package]]
name = "num-traits"
version = "0.2.15"
source = "registry+https://github.com/rust-lang/crates.io-index"
checksum = "578ede34cf02f8924ab9447f50c28075b4d3e5b269972345e7e0372b38c6cdcd"
dependencies = [
 "autocfg",
]

[[package]]
name = "oak"
version = "0.8.0"
source = "registry+https://github.com/rust-lang/crates.io-index"
checksum = "984415c61accc45b67181a4e0dc76f05aa871b3fccd71af3d6cc828f0799c808"
dependencies = [
 "partial",
 "proc-macro2",
 "quote",
 "syn",
]

[[package]]
name = "oak_runtime"
version = "0.6.0"
source = "registry+https://github.com/rust-lang/crates.io-index"
checksum = "e6493a6584498177efa2f2fc599a22ef3c8ebd0b0a97a80b70137fa5e4288cf6"
dependencies = [
 "syntex_pos",
]

[[package]]
name = "partial"
version = "0.2.3"
source = "registry+https://github.com/rust-lang/crates.io-index"
checksum = "ea72528bf9fdcc9dc07760884825ceb15c26f4e804c0a7af309901c7ee9601f9"

[[package]]
name = "proc-macro2"
version = "1.0.40"
source = "registry+https://github.com/rust-lang/crates.io-index"
checksum = "dd96a1e8ed2596c337f8eae5f24924ec83f5ad5ab21ea8e455d3566c69fbcaf7"
dependencies = [
 "unicode-ident",
]

[[package]]
name = "quote"
version = "1.0.20"
source = "registry+https://github.com/rust-lang/crates.io-index"
checksum = "3bcdf212e9776fbcb2d23ab029360416bb1706b1aea2d1a5ba002727cbcab804"
dependencies = [
 "proc-macro2",
]

[[package]]
name = "rustc-serialize"
version = "0.3.24"
source = "registry+https://github.com/rust-lang/crates.io-index"
checksum = "dcf128d1287d2ea9d80910b5f1120d0b8eede3fbf1abe91c40d39ea7d51e6fda"

[[package]]
name = "serde"
version = "1.0.140"
source = "registry+https://github.com/rust-lang/crates.io-index"
checksum = "fc855a42c7967b7c369eb5860f7164ef1f6f81c20c7cc1141f2a604e18723b03"

[[package]]
name = "syn"
version = "1.0.98"
source = "registry+https://github.com/rust-lang/crates.io-index"
checksum = "c50aef8a904de4c23c788f104b7dddc7d6f79c647c7c8ce4cc8f73eb0ca773dd"
dependencies = [
 "proc-macro2",
 "quote",
 "unicode-ident",
]

[[package]]
name = "syntex_pos"
version = "0.58.1"
source = "registry+https://github.com/rust-lang/crates.io-index"
checksum = "13ad4762fe52abc9f4008e85c4fb1b1fe3aa91ccb99ff4826a439c7c598e1047"
dependencies = [
 "rustc-serialize",
]

[[package]]
name = "unicode-ident"
version = "1.0.2"
source = "registry+https://github.com/rust-lang/crates.io-index"
checksum = "15c61ba63f9235225a22310255a29b806b907c9b8c964bcbd0a2c70f3f2deea7"
